
Microsoft Visual Studio Solution File, Format Version 12.00
# Visual Studio 15
VisualStudioVersion = 15.0.28307.572
MinimumVisualStudioVersion = 10.0.40219.1
Project("{FAE04EC0-301F-11D3-BF4B-00C04F79EFBC}") = "Inheritance and more about OOP", "Inheritance and more about OOP\Inheritance and more about OOP.csproj", "{A05B4A71-23DC-4199-AA32-0480667BAC40}"
EndProject
Global
	GlobalSection(SolutionConfigurationPlatforms) = preSolution
		Debug|Any CPU = Debug|Any CPU
		Release|Any CPU = Release|Any CPU
	EndGlobalSection
	GlobalSection(ProjectConfigurationPlatforms) = postSolution
		{A05B4A71-23DC-4199-AA32-0480667BAC40}.Debug|Any CPU.ActiveCfg = Debug|Any CPU
		{A05B4A71-23DC-4199-AA32-0480667BAC40}.Debug|Any CPU.Build.0 = Debug|Any CPU
		{A05B4A71-23DC-4199-AA32-0480667BAC40}.Release|Any CPU.ActiveCfg = Release|Any CPU
		{A05B4A71-23DC-4199-AA32-0480667BAC40}.Release|Any CPU.Build.0 = Release|Any CPU
	EndGlobalSection
	GlobalSection(SolutionProperties) = preSolution
		HideSolutionNode = FALSE
	EndGlobalSection
	GlobalSection(ExtensibilityGlobals) = postSolution
		SolutionGuid = {BC1BBDA2-E5AA-4D18-A9EF-A40B9C086DD9}
	EndGlobalSection
EndGlobal
