
Microsoft Visual Studio Solution File, Format Version 12.00
# Visual Studio 15
VisualStudioVersion = 15.0.28307.572
MinimumVisualStudioVersion = 10.0.40219.1
Project("{FAE04EC0-301F-11D3-BF4B-00C04F79EFBC}") = "Loops", "Loops\Loops.csproj", "{49926C27-3329-422F-A3CE-2BC4444B75C3}"
EndProject
Global
	GlobalSection(SolutionConfigurationPlatforms) = preSolution
		Debug|Any CPU = Debug|Any CPU
		Release|Any CPU = Release|Any CPU
	EndGlobalSection
	GlobalSection(ProjectConfigurationPlatforms) = postSolution
		{49926C27-3329-422F-A3CE-2BC4444B75C3}.Debug|Any CPU.ActiveCfg = Debug|Any CPU
		{49926C27-3329-422F-A3CE-2BC4444B75C3}.Debug|Any CPU.Build.0 = Debug|Any CPU
		{49926C27-3329-422F-A3CE-2BC4444B75C3}.Release|Any CPU.ActiveCfg = Release|Any CPU
		{49926C27-3329-422F-A3CE-2BC4444B75C3}.Release|Any CPU.Build.0 = Release|Any CPU
	EndGlobalSection
	GlobalSection(SolutionProperties) = preSolution
		HideSolutionNode = FALSE
	EndGlobalSection
	GlobalSection(ExtensibilityGlobals) = postSolution
		SolutionGuid = {F6D908DE-9946-4A22-8307-997B58FE4FBC}
	EndGlobalSection
EndGlobal
